lockfileVersion: '9.0'

settings:
  autoInstallPeers: true
  excludeLinksFromLockfile: false

importers:

  .:
    devDependencies:
      '@types/node':
        specifier: ^20.0.0
        version: 20.19.11
      typescript:
        specifier: ~5.9.0
        version: 5.9.2

  packages/core:
    dependencies:
      '@turnkey/core':
        specifier: ^1.1.2
        version: 1.1.2(typescript@5.9.2)
      '@turnkey/http':
        specifier: ^3.12.1
        version: 3.12.1
      '@turnkey/iframe-stamper':
        specifier: ^2.5.0
        version: 2.5.0
      '@turnkey/indexed-db-stamper':
        specifier: ^1.1.1
        version: 1.1.1
      '@turnkey/webauthn-stamper':
        specifier: ^0.6.0
        version: 0.6.0
      viem:
        specifier: 2.37.6
        version: 2.37.6(typescript@5.9.2)
    devDependencies:
      '@types/node':
        specifier: ^20.0.0
        version: 20.19.11
      typescript:
        specifier: ~5.9.0
        version: 5.9.2

packages:

  '@adraffy/ens-normalize@1.10.1':
    resolution: {integrity: sha512-96Z2IP3mYmF1Xg2cDm8f1gWGf/HUVedQ3FMifV4kG/PQ4yEP51xDtRAEfhVNt5f/uzpNkZHwWQuUcu6D6K+Ekw==}

  '@adraffy/ens-normalize@1.11.0':
    resolution: {integrity: sha512-/3DDPKHqqIqxUULp8yP4zODUY1i+2xvVWsv8A79xGWdCAG+8sb0hRh0Rk2QyOJUnnbyPUAZYcpBuRe3nS2OIUg==}

  '@msgpack/msgpack@3.1.2':
    resolution: {integrity: sha512-JEW4DEtBzfe8HvUYecLU9e6+XJnKDlUAIve8FvPzF3Kzs6Xo/KuZkZJsDH0wJXl/qEZbeeE7edxDNY3kMs39hQ==}
    engines: {node: '>= 18'}

  '@noble/ciphers@1.3.0':
    resolution: {integrity: sha512-2I0gnIVPtfnMw9ee9h1dJG7tp81+8Ob3OJb3Mv37rx5L40/b0i7djjCVvGOVqc9AEIQyvyu1i6ypKdFw8R8gQw==}
    engines: {node: ^14.21.3 || >=16}

  '@noble/curves@1.2.0':
    resolution: {integrity: sha512-oYclrNgRaM9SsBUBVbb8M6DTV7ZHRTKugureoYEncY5c65HOmRzvSiTE3y5CYaPYJA/GVkrhXEoF0M3Ya9PMnw==}

  '@noble/curves@1.8.0':
    resolution: {integrity: sha512-j84kjAbzEnQHaSIhRPUmB3/eVXu2k3dKPl2LOrR8fSOIL+89U+7lV117EWHtq/GHM3ReGHM46iRBdZfpc4HRUQ==}
    engines: {node: ^14.21.3 || >=16}

  '@noble/curves@1.9.0':
    resolution: {integrity: sha512-7YDlXiNMdO1YZeH6t/kvopHHbIZzlxrCV9WLqCY6QhcXOoXiNCMDqJIglZ9Yjx5+w7Dz30TITFrlTjnRg7sKEg==}
    engines: {node: ^14.21.3 || >=16}

  '@noble/curves@1.9.1':
    resolution: {integrity: sha512-k11yZxZg+t+gWvBbIswW0yoJlu8cHOC7dhunwOzoWH/mXGBiYyR4YY6hAEK/3EUs4UpB8la1RfdRpeGsFHkWsA==}
    engines: {node: ^14.21.3 || >=16}

  '@noble/curves@1.9.6':
    resolution: {integrity: sha512-GIKz/j99FRthB8icyJQA51E8Uk5hXmdyThjgQXRKiv9h0zeRlzSCLIzFw6K1LotZ3XuB7yzlf76qk7uBmTdFqA==}
    engines: {node: ^14.21.3 || >=16}

  '@noble/curves@1.9.7':
    resolution: {integrity: sha512-gbKGcRUYIjA3/zCCNaWDciTMFI0dCkvou3TL8Zmy5Nc7sJ47a0jtOeZoTaMxkuqRo9cRhjOdZJXegxYE5FN/xw==}
    engines: {node: ^14.21.3 || >=16}

  '@noble/hashes@1.3.2':
    resolution: {integrity: sha512-MVC8EAQp7MvEcm30KWENFjgR+Mkmf+D189XJTkFIlwohU5hcBbn1ZkKq7KVTi2Hme3PMGF390DaL52beVrIihQ==}
    engines: {node: '>= 16'}

  '@noble/hashes@1.7.0':
    resolution: {integrity: sha512-HXydb0DgzTpDPwbVeDGCG1gIu7X6+AuU6Zl6av/E/KG8LMsvPntvq+w17CHRpKBmN6Ybdrt1eP3k4cj8DJa78w==}
    engines: {node: ^14.21.3 || >=16}

  '@noble/hashes@1.8.0':
    resolution: {integrity: sha512-jCs9ldd7NwzpgXDIf6P3+NrHh9/sD6CQdxHyjQI+h/6rDNo88ypBxxz45UDuZHz9r3tNz7N/VInSVoVdtXEI4A==}
    engines: {node: ^14.21.3 || >=16}

  '@scure/base@1.2.6':
    resolution: {integrity: sha512-g/nm5FgUa//MCj1gV09zTJTaM6KBAHqLN907YVQqf7zC49+DcO4B1so4ZX07Ef10Twr6nuqYEH9GEggFXA4Fmg==}

  '@scure/bip32@1.7.0':
    resolution: {integrity: sha512-E4FFX/N3f4B80AKWp5dP6ow+flD1LQZo/w8UnLGYZO674jS6YnYeepycOOksv+vLPSpgN35wgKgy+ybfTb2SMw==}

  '@scure/bip39@1.6.0':
    resolution: {integrity: sha512-+lF0BbLiJNwVlev4eKelw1WWLaiKXw7sSl8T6FvBlWkdX+94aGJ4o8XjUdlyhTCjd8c+B3KT3JfS8P0bLRNU6A==}

  '@turnkey/api-key-stamper@0.4.7':
    resolution: {integrity: sha512-/0/kW7v+uCnmHnGMoHSXn4Vb/MxLAIivGxX/T0L4vVoIiJalQmqcCtgiWnPWZDiJNGjMKp+jd/8j6VXgbVVozg==}
    engines: {node: '>=18.0.0'}

  '@turnkey/api-key-stamper@0.5.0':
    resolution: {integrity: sha512-DcxavFpNO93mJnCSef+g97uuQANYHjxxqK8z+cX7GztSBN+Skfja5656VDZCUITql4gNhhiNyjMiWLutS2DDJg==}
    engines: {node: '>=18.0.0'}

  '@turnkey/core@1.1.2':
    resolution: {integrity: sha512-l8tYl+o77HYiJrHc8R2BZ+cmx+qd+ahTh3SJgSwpjMMnksCD83JnoK+qWNktYUuPvzCx0NXu/NLJG39W3fzyHw==}
    engines: {node: '>=18.0.0'}
    peerDependencies:
      '@react-native-async-storage/async-storage': ^2.2.0
      '@turnkey/react-native-passkey-stamper': 1.2.1
      react-native-keychain: ^8.1.0 || ^9.2.2 || ^10.0.0
    peerDependenciesMeta:
      '@react-native-async-storage/async-storage':
        optional: true
      '@turnkey/react-native-passkey-stamper':
        optional: true
      react-native-keychain:
        optional: true

  '@turnkey/crypto@2.7.0':
    resolution: {integrity: sha512-QLwppxbTZTXzJOIRCud1LLWMKZ2sCB0qKf/+GkiUvk6wN+tGktz8ykMdTqwszlw3RHFYp6MUs/sR5V1V9eleuQ==}
    engines: {node: '>=18.0.0'}

  '@turnkey/encoding@0.5.0':
    resolution: {integrity: sha512-nRlKRQa6B5/xltGUKN1iKo4h4YC/0iFz0fAuFFZevc+YGDj7ddAP/3HkWmVvLmdoicUgs9rxvWbLRlgqPkbwzQ==}
    engines: {node: '>=18.0.0'}

  '@turnkey/encoding@0.6.0':
    resolution: {integrity: sha512-IC8qXvy36+iGAeiaVIuJvB35uU2Ld/RAWI/DRTKS+ttBej0GXhOn48Ouu5mlca4jt8ZEuwXmDVv74A8uBQclsA==}
    engines: {node: '>=18.0.0'}

  '@turnkey/http@3.12.1':
    resolution: {integrity: sha512-64lY5gx6ZBAMm7gSpfXgJsXfIqL0rNlV/HI4mrf0xCuRDIwcwSdkI//cUbyYlNUNpI89m6oljg/wisFIIgtBYQ==}
    engines: {node: '>=18.0.0'}

  '@turnkey/iframe-stamper@2.5.0':
    resolution: {integrity: sha512-XjntbA5CNjxGRH+loceAlVLL9PG9Q4Y7p5zjBm4DeKclhD6lpUl9h8INArMEXIFbfLwLjjS6Q+SmQG4BHvNY6A==}
    engines: {node: '>=18.0.0'}

  '@turnkey/indexed-db-stamper@1.1.1':
    resolution: {integrity: sha512-pKEMTCTg6Kn76nvYu3vq3HfsdkZ7BmO5MSrXqk7K2TJ4griL/oEzIhlSNAnihpohIRTmIkSCxOAgyIe43oB+Cg==}
    engines: {node: '>=18.0.0'}

  '@turnkey/sdk-types@0.4.1':
    resolution: {integrity: sha512-D4Nf93sRuUXZDl5tvmxDiJb+cBsDAKyXmLdagP+pGPeN2pt7w9prkaft1HjyKrOXY1akqCg5pMST/7e2fMO9Hw==}
    engines: {node: '>=18.0.0'}

  '@turnkey/webauthn-stamper@0.6.0':
    resolution: {integrity: sha512-jdN17QEnn7RBykEOhtKIialWmDjnDAH8DzbyITwn8jsKcwT1TBNYge89hTUTjbdsDLBAqQw8cHujPdy0RaAqvw==}
    engines: {node: '>=18.0.0'}

  '@types/node@20.19.11':
    resolution: {integrity: sha512-uug3FEEGv0r+jrecvUUpbY8lLisvIjg6AAic6a2bSP5OEOLeJsDSnvhCDov7ipFFMXS3orMpzlmi0ZcuGkBbow==}

  '@types/node@22.7.5':
    resolution: {integrity: sha512-jML7s2NAzMWc//QSJ1a3prpk78cOPchGvXJsC3C6R6PSMoooztvRVQEz89gmBTBY1SPMaqo5teB4uNHPdetShQ==}

  '@wallet-standard/app@1.1.0':
    resolution: {integrity: sha512-3CijvrO9utx598kjr45hTbbeeykQrQfKmSnxeWOgU25TOEpvcipD/bYDQWIqUv1Oc6KK4YStokSMu/FBNecGUQ==}
    engines: {node: '>=16'}

  '@wallet-standard/base@1.1.0':
    resolution: {integrity: sha512-DJDQhjKmSNVLKWItoKThJS+CsJQjR9AOBOirBVT1F9YpRyC9oYHE+ZnSf8y8bxUphtKqdQMPVQ2mHohYdRvDVQ==}
    engines: {node: '>=16'}

  '@walletconnect/core@2.21.9':
    resolution: {integrity: sha512-SlSknLvbO4i9Y4y8zU0zeCuJv1klQIUX3HRSBs1BaYvQKVVkrdiWPgRj4jcrL2wEOINa9NXw6HXp6x5XCXOolA==}
    engines: {node: '>=18.20.8'}

  '@walletconnect/environment@1.0.1':
    resolution: {integrity: sha512-T426LLZtHj8e8rYnKfzsw1aG6+M0BT1ZxayMdv/p8yM0MU+eJDISqNY3/bccxRr4LrF9csq02Rhqt08Ibl0VRg==}

  '@walletconnect/events@1.0.1':
    resolution: {integrity: sha512-NPTqaoi0oPBVNuLv7qPaJazmGHs5JGyO8eEAk5VGKmJzDR7AHzD4k6ilox5kxk1iwiOnFopBOOMLs86Oa76HpQ==}

  '@walletconnect/heartbeat@1.2.2':
    resolution: {integrity: sha512-uASiRmC5MwhuRuf05vq4AT48Pq8RMi876zV8rr8cV969uTOzWdB/k+Lj5yI2PBtB1bGQisGen7MM1GcZlQTBXw==}

  '@walletconnect/jsonrpc-provider@1.0.14':
    resolution: {integrity: sha512-rtsNY1XqHvWj0EtITNeuf8PHMvlCLiS3EjQL+WOkxEOA4KPxsohFnBDeyPYiNm4ZvkQdLnece36opYidmtbmow==}

  '@walletconnect/jsonrpc-types@1.0.4':
    resolution: {integrity: sha512-P6679fG/M+wuWg9TY8mh6xFSdYnFyFjwFelxyISxMDrlbXokorEVXYOxiqEbrU3x1BmBoCAJJ+vtEaEoMlpCBQ==}

  '@walletconnect/jsonrpc-utils@1.0.8':
    resolution: {integrity: sha512-vdeb03bD8VzJUL6ZtzRYsFMq1eZQcM3EAzT0a3st59dyLfJ0wq+tKMpmGH7HlB7waD858UWgfIcudbPFsbzVdw==}

  '@walletconnect/jsonrpc-ws-connection@1.0.16':
    resolution: {integrity: sha512-G81JmsMqh5nJheE1mPst1W0WfVv0SG3N7JggwLLGnI7iuDZJq8cRJvQwLGKHn5H1WTW7DEPCo00zz5w62AbL3Q==}

  '@walletconnect/keyvaluestorage@1.1.1':
    resolution: {integrity: sha512-V7ZQq2+mSxAq7MrRqDxanTzu2RcElfK1PfNYiaVnJgJ7Q7G7hTVwF8voIBx92qsRyGHZihrwNPHuZd1aKkd0rA==}
    peerDependencies:
      '@react-native-async-storage/async-storage': 1.x
    peerDependenciesMeta:
      '@react-native-async-storage/async-storage':
        optional: true

  '@walletconnect/logger@2.1.2':
    resolution: {integrity: sha512-aAb28I3S6pYXZHQm5ESB+V6rDqIYfsnHaQyzFbwUUBFY4H0OXx/YtTl8lvhUNhMMfb9UxbwEBS253TlXUYJWSw==}

  '@walletconnect/relay-api@1.0.11':
    resolution: {integrity: sha512-tLPErkze/HmC9aCmdZOhtVmYZq1wKfWTJtygQHoWtgg722Jd4homo54Cs4ak2RUFUZIGO2RsOpIcWipaua5D5Q==}

  '@walletconnect/relay-auth@1.1.0':
    resolution: {integrity: sha512-qFw+a9uRz26jRCDgL7Q5TA9qYIgcNY8jpJzI1zAWNZ8i7mQjaijRnWFKsCHAU9CyGjvt6RKrRXyFtFOpWTVmCQ==}

  '@walletconnect/safe-json@1.0.2':
    resolution: {integrity: sha512-Ogb7I27kZ3LPC3ibn8ldyUr5544t3/STow9+lzz7Sfo808YD7SBWk7SAsdBFlYgP2zDRy2hS3sKRcuSRM0OTmA==}

  '@walletconnect/sign-client@2.21.9':
    resolution: {integrity: sha512-EKLDS97o1rk/0XilD0nQdSR9SNgRsVoIK5M5HpS9sDTvHPv2EF5pIqu6Xr2vLsKcQ0KnCx+D5bnpav8Yh4NVZg==}

  '@walletconnect/time@1.0.2':
    resolution: {integrity: sha512-uzdd9woDcJ1AaBZRhqy5rNC9laqWGErfc4dxA9a87mPdKOgWMD85mcFo9dIYIts/Jwocfwn07EC6EzclKubk/g==}

  '@walletconnect/types@2.21.9':
    resolution: {integrity: sha512-+82TRNX3lGRO96WyLISaBs/FkLts7y4hVgmOI4we84I7XdBu1xsjgiJj0JwYXnurz+X94lTqzOkzPps+wadWKw==}

  '@walletconnect/utils@2.21.9':
    resolution: {integrity: sha512-FHagysDvp7yQl+74veIeuqwZZnMiTyTW3Lw0NXsbIKnlmlSQu5pma+4EnRD/CnSzbN6PV39k2t1KBaaZ4PjDgg==}

  '@walletconnect/window-getters@1.0.1':
    resolution: {integrity: sha512-vHp+HqzGxORPAN8gY03qnbTMnhqIwjeRJNOMOAzePRg4xVEEE2WvYsI9G2NMjOknA8hnuYbU3/hwLcKbjhc8+Q==}

  '@walletconnect/window-metadata@1.0.1':
    resolution: {integrity: sha512-9koTqyGrM2cqFRW517BPY/iEtUDx2r1+Pwwu5m7sJ7ka79wi3EyqhqcICk/yDmv6jAS1rjKgTKXlEhanYjijcA==}

  abitype@1.0.8:
    resolution: {integrity: sha512-ZeiI6h3GnW06uYDLx0etQtX/p8E24UaHHBj57RSjK7YBFe7iuVn07EDpOeP451D06sF27VOz9JJPlIKJmXgkEg==}
    peerDependencies:
      typescript: '>=5.0.4'
      zod: ^3 >=3.22.0
    peerDependenciesMeta:
      typescript:
        optional: true
      zod:
        optional: true

  abitype@1.1.0:
    resolution: {integrity: sha512-6Vh4HcRxNMLA0puzPjM5GBgT4aAcFGKZzSgAXvuZ27shJP6NEpielTuqbBmZILR5/xd0PizkBGy5hReKz9jl5A==}
    peerDependencies:
      typescript: '>=5.0.4'
      zod: ^3.22.0 || ^4.0.0
    peerDependenciesMeta:
      typescript:
        optional: true
      zod:
        optional: true

  aes-js@4.0.0-beta.5:
    resolution: {integrity: sha512-G965FqalsNyrPqgEGON7nIx1e/OVENSgiEIzyC63haUMuvNnwIgIjMs52hlTCKhkBny7A2ORNlfY9Zu+jmGk1Q==}

  anymatch@3.1.3:
    resolution: {integrity: sha512-KMReFUr0B4t+D+OBkjR3KYqvocp2XaSzO55UcB6mgQMd3KbcE+mWTyvVV7D/zsdEbNnV6acZUutkiHQXvTr1Rw==}
    engines: {node: '>= 8'}

  atomic-sleep@1.0.0:
    resolution: {integrity: sha512-kNOjDqAh7px0XWNI+4QbzoiR/nTkHAWNud2uvnJquD1/x5a7EQZMJT0AczqK0Qn67oY/TTQ1LbUKajZpp3I9tQ==}
    engines: {node: '>=8.0.0'}

  base-x@5.0.1:
    resolution: {integrity: sha512-M7uio8Zt++eg3jPj+rHMfCC+IuygQHHCOU+IYsVtik6FWjuYpVt/+MRKcgsAMHh8mMFAwnB+Bs+mTrFiXjMzKg==}

  blakejs@1.2.1:
    resolution: {integrity: sha512-QXUSXI3QVc/gJME0dBpXrag1kbzOqCjCX8/b54ntNyW6sjtoqxqRk3LTmXzaJoh71zMsDCjM+47jS7XiwN/+fQ==}

  borsh@2.0.0:
    resolution: {integrity: sha512-kc9+BgR3zz9+cjbwM8ODoUB4fs3X3I5A/HtX7LZKxCLaMrEeDFoBpnhZY//DTS1VZBSs6S5v46RZRbZjRFspEg==}

  bs58@6.0.0:
    resolution: {integrity: sha512-PD0wEnEYg6ijszw/u8s+iI3H17cTymlrwkKhDhPZq+Sokl3AU4htyBFTjAeNAlCCmg0f53g6ih3jATyCKftTfw==}

  bs58check@4.0.0:
    resolution: {integrity: sha512-FsGDOnFg9aVI9erdriULkd/JjEWONV/lQE5aYziB5PoBsXRind56lh8doIZIc9X4HoxT5x4bLjMWN1/NB8Zp5g==}

  chokidar@4.0.3:
    resolution: {integrity: sha512-Qgzu8kfBvo+cA4962jnP1KkS6Dop5NS6g7R5LFYJr4b8Ub94PPQXUksCw9PvXoeXPRRddRNC5C1JQUR2SMGtnA==}
    engines: {node: '>= 14.16.0'}

  cookie-es@1.2.2:
    resolution: {integrity: sha512-+W7VmiVINB+ywl1HGXJXmrqkOhpKrIiVZV6tQuV54ZyQC7MMuBt81Vc336GMLoHBq5hV/F9eXgt5Mnx0Rha5Fg==}

  cross-fetch@3.2.0:
    resolution: {integrity: sha512-Q+xVJLoGOeIMXZmbUK4HYk+69cQH6LudR0Vu/pRm2YlU/hDV9CiS0gKUMaWY5f2NeUH9C1nV3bsTlCo0FsTV1Q==}

  crossws@0.3.5:
    resolution: {integrity: sha512-ojKiDvcmByhwa8YYqbQI/hg7MEU0NC03+pSdEq4ZUnZR9xXpwk7E43SMNGkn+JxJGPFtNvQ48+vV2p+P1ml5PA==}

  defu@6.1.4:
    resolution: {integrity: sha512-mEQCMmwJu317oSz8CwdIOdwf3xMif1ttiM8LTufzc3g6kR+9Pe236twL8j3IYT1F7GfRgGcW6MWxzZjLIkuHIg==}

  destr@2.0.5:
    resolution: {integrity: sha512-ugFTXCtDZunbzasqBxrK93Ik/DRYsO6S/fedkWEMKqt04xZ4csmnmwGDBAb07QWNaGMAmnTIemsYZCksjATwsA==}

  detect-browser@5.3.0:
    resolution: {integrity: sha512-53rsFbGdwMwlF7qvCt0ypLM5V5/Mbl0szB7GPN8y9NCcbknYOeVVXdrXEq+90IwAfrrzt6Hd+u2E2ntakICU8w==}

  duplexify@4.1.3:
    resolution: {integrity: sha512-M3BmBhwJRZsSx38lZyhE53Csddgzl5R7xGJNk7CVddZD6CcmwMCH8J+7AprIrQKH7TonKxaCjcv27Qmf+sQ+oA==}

  end-of-stream@1.4.5:
    resolution: {integrity: sha512-ooEGc6HP26xXq/N+GCGOT0JKCLDGrq2bQUZrQ7gyrJiZANJ/8YDTxTpQBXGMn+WbIQXNVpyWymm7KYVICQnyOg==}

  es-toolkit@1.39.3:
    resolution: {integrity: sha512-Qb/TCFCldgOy8lZ5uC7nLGdqJwSabkQiYQShmw4jyiPk1pZzaYWTwaYKYP7EgLccWYgZocMrtItrwh683voaww==}

  ethers@6.15.0:
    resolution: {integrity: sha512-Kf/3ZW54L4UT0pZtsY/rf+EkBU7Qi5nnhonjUb8yTXcxH3cdcWrV2cRyk0Xk/4jK6OoHhxxZHriyhje20If2hQ==}
    engines: {node: '>=14.0.0'}

  eventemitter3@5.0.1:
    resolution: {integrity: sha512-GWkBvjiSZK87ELrYOSESUYeVIc9mvLLf/nXalMOS5dYrgZq9o5OVkbZAVM06CVxYsCwH9BDZFPlQTlPA1j4ahA==}

  events@3.3.0:
    resolution: {integrity: sha512-mQw+2fkQbALzQ7V0MY0IqdnXNOeTtP4r0lN9z7AAawCXgqea7bDii20AYrIBrFd/Hx0M2Ocz6S111CaFkUcb0Q==}
    engines: {node: '>=0.8.x'}

  fast-redact@3.5.0:
    resolution: {integrity: sha512-dwsoQlS7h9hMeYUq1W++23NDcBLV4KqONnITDV9DjfS3q1SgDGVrBdvvTLUotWtPSD7asWDV9/CmsZPy8Hf70A==}
    engines: {node: '>=6'}

  h3@1.15.4:
    resolution: {integrity: sha512-z5cFQWDffyOe4vQ9xIqNfCZdV4p//vy6fBnr8Q1AWnVZ0teurKMG66rLj++TKwKPUP3u7iMUvrvKaEUiQw2QWQ==}

  idb-keyval@6.2.2:
    resolution: {integrity: sha512-yjD9nARJ/jb1g+CvD0tlhUHOrJ9Sy0P8T9MF3YaLlHnSRpwPfpTX0XIvpmw3gAJUmEu3FiICLBDPXVwyEvrleg==}

  inherits@2.0.4:
    resolution: {integrity: sha512-k/vGaX4/Yla3WzyMCvTQOXYeIHvqOKtnqBduzTHpzpQZzAskKMhZ2K+EnBiSM9zGSoIFeMpXKxa4dYeZIQqewQ==}

  iron-webcrypto@1.2.1:
    resolution: {integrity: sha512-feOM6FaSr6rEABp/eDfVseKyTMDt+KGpeB35SkVn9Tyn0CqvVsY3EwI0v5i8nMHyJnzCIQf7nsy3p41TPkJZhg==}

  isows@1.0.7:
    resolution: {integrity: sha512-I1fSfDCZL5P0v33sVqeTDSpcstAg/N+wF5HS033mogOVIp4B+oHC7oOCsA3axAbBSGTJ8QubbNmnIRN/h8U7hg==}
    peerDependencies:
      ws: '*'

  jwt-decode@4.0.0:
    resolution: {integrity: sha512-+KJGIyHgkGuIq3IEBNftfhW/LfWhXUIY6OmyVWjliu5KH1y0fw7VQ8YndE2O4qZdMSd9SqbnC8GOcZEy0Om7sA==}
    engines: {node: '>=18'}

  keyvaluestorage-interface@1.0.0:
    resolution: {integrity: sha512-8t6Q3TclQ4uZynJY9IGr2+SsIGwK9JHcO6ootkHCGA0CrQCRy+VkouYNO2xicET6b9al7QKzpebNow+gkpCL8g==}

  lru-cache@10.4.3:
    resolution: {integrity: sha512-JNAzZcXrCt42VGLuYz0zfAzDfAvJWW6AfYlDBQyDV5DClI2m5sAmK+OIO7s59XfsRsWHp02jAJrRadPRGTt6SQ==}

  multiformats@9.9.0:
    resolution: {integrity: sha512-HoMUjhH9T8DDBNT+6xzkrd9ga/XiBI4xLr58LJACwK6G3HTOPeMz4nB4KJs33L2BelrIJa7P0VuNaVF3hMYfjg==}

  node-fetch-native@1.6.7:
    resolution: {integrity: sha512-g9yhqoedzIUm0nTnTqAQvueMPVOuIY16bqgAJJC8XOOubYFNwz6IER9qs0Gq2Xd0+CecCKFjtdDTMA4u4xG06Q==}

  node-fetch@2.7.0:
    resolution: {integrity: sha512-c4FRfUm/dbcWZ7U+1Wq0AwCyFL+3nt2bEw05wfxSz+DWpWsitgmSgYmy2dQdWyKC1694ELPqMs/YzUSNozLt8A==}
    engines: {node: 4.x || >=6.0.0}
    peerDependencies:
      encoding: ^0.1.0
    peerDependenciesMeta:
      encoding:
        optional: true

  node-mock-http@1.0.3:
    resolution: {integrity: sha512-jN8dK25fsfnMrVsEhluUTPkBFY+6ybu7jSB1n+ri/vOGjJxU8J9CZhpSGkHXSkFjtUhbmoncG/YG9ta5Ludqog==}

  normalize-path@3.0.0:
    resolution: {integrity: sha512-6eZs5Ls3WtCisHWp9S2GUy8dqkpGi4BVSz3GaqiE6ezub0512ESztXUwUB6C6IKbQkY2Pnb/mD4WYojCRwcwLA==}
    engines: {node: '>=0.10.0'}

  ofetch@1.4.1:
    resolution: {integrity: sha512-QZj2DfGplQAr2oj9KzceK9Hwz6Whxazmn85yYeVuS3u9XTMOGMRx0kO95MQ+vLsj/S/NwBDMMLU5hpxvI6Tklw==}

  on-exit-leak-free@0.2.0:
    resolution: {integrity: sha512-dqaz3u44QbRXQooZLTUKU41ZrzYrcvLISVgbrzbyCMxpmSLJvZ3ZamIJIZ29P6OhZIkNIQKosdeM6t1LYbA9hg==}

  once@1.4.0:
    resolution: {integrity: sha512-lNaJgI+2Q5URQBkccEKHTQOPaXdUxnZZElQTZY0MFUAuaEqe1E+Nyvgdz/aIyNi6Z9MzO5dv1H8n58/GELp3+w==}

  ox@0.9.1:
    resolution: {integrity: sha512-NVI0cajROntJWtFnxZQ1aXDVy+c6DLEXJ3wwON48CgbPhmMJrpRTfVbuppR+47RmXm3lZ/uMaKiFSkLdAO1now==}
    peerDependencies:
      typescript: '>=5.4.0'
    peerDependenciesMeta:
      typescript:
        optional: true

  ox@0.9.3:
    resolution: {integrity: sha512-KzyJP+fPV4uhuuqrTZyok4DC7vFzi7HLUFiUNEmpbyh59htKWkOC98IONC1zgXJPbHAhQgqs6B0Z6StCGhmQvg==}
    peerDependencies:
      typescript: '>=5.4.0'
    peerDependenciesMeta:
      typescript:
        optional: true

  picomatch@2.3.1:
    resolution: {integrity: sha512-JU3teHTNjmE2VCGFzuY8EXzCDVwEqB2a8fsIvwaStHhAWJEeVd1o1QD80CU6+ZdEXXSLbSsuLwJjkCBWqRQUVA==}
    engines: {node: '>=8.6'}

  pino-abstract-transport@0.5.0:
    resolution: {integrity: sha512-+KAgmVeqXYbTtU2FScx1XS3kNyfZ5TrXY07V96QnUSFqo2gAqlvmaxH67Lj7SWazqsMabf+58ctdTcBgnOLUOQ==}

  pino-std-serializers@4.0.0:
    resolution: {integrity: sha512-cK0pekc1Kjy5w9V2/n+8MkZwusa6EyyxfeQCB799CQRhRt/CqYKiWs5adeu8Shve2ZNffvfC/7J64A2PJo1W/Q==}

  pino@7.11.0:
    resolution: {integrity: sha512-dMACeu63HtRLmCG8VKdy4cShCPKaYDR4youZqoSWLxl5Gu99HUw8bw75thbPv9Nip+H+QYX8o3ZJbTdVZZ2TVg==}
    hasBin: true

  process-warning@1.0.0:
    resolution: {integrity: sha512-du4wfLyj4yCZq1VupnVSZmRsPJsNuxoDQFdCFHLaYiEbFBD7QE0a+I4D7hOxrVnh78QE/YipFAj9lXHiXocV+Q==}

  quick-format-unescaped@4.0.4:
    resolution: {integrity: sha512-tYC1Q1hgyRuHgloV/YXs2w15unPVh8qfu/qCTfhTYamaw7fyhumKa2yGpdSo87vY32rIclj+4fWYQXUMs9EHvg==}

  radix3@1.1.2:
    resolution: {integrity: sha512-b484I/7b8rDEdSDKckSSBA8knMpcdsXudlE/LNL639wFoHKwLbEkQFZHWEYwDC0wa0FKUcCY+GAF73Z7wxNVFA==}

  readable-stream@3.6.2:
    resolution: {integrity: sha512-9u/sniCrY3D5WdsERHzHE4G2YCXqoG5FTHUiCC4SIbr6XcLZBY05ya9EKjYek9O5xOAwjGq+1JdGBAS7Q9ScoA==}
    engines: {node: '>= 6'}

  readdirp@4.1.2:
    resolution: {integrity: sha512-GDhwkLfywWL2s6vEjyhri+eXmfH6j1L7JE27WhqLeYzoh/A3DBaYGEj2H/HFZCn/kMfim73FXxEJTw06WtxQwg==}
    engines: {node: '>= 14.18.0'}

  real-require@0.1.0:
    resolution: {integrity: sha512-r/H9MzAWtrv8aSVjPCMFpDMl5q66GqtmmRkRjpHTsp4zBAa+snZyiQNlMONiUmEJcsnaw0wCauJ2GWODr/aFkg==}
    engines: {node: '>= 12.13.0'}

  safe-buffer@5.2.1:
    resolution: {integrity: sha512-rp3So07KcdmmKbGvgaNxQSJr7bGVSVk5S9Eq1F+ppbRo70+YeaDxkw5Dd8NPN+GD6bjnYm2VuPuCXmpuYvmCXQ==}

  safe-stable-stringify@2.5.0:
    resolution: {integrity: sha512-b3rppTKm9T+PsVCBEOUR46GWI7fdOs00VKZ1+9c1EWDaDMvjQc6tUwuFyIprgGgTcWoVHSKrU8H31ZHA2e0RHA==}
    engines: {node: '>=10'}

  sha256-uint8array@0.10.7:
    resolution: {integrity: sha512-1Q6JQU4tX9NqsDGodej6pkrUVQVNapLZnvkwIhddH/JqzBZF1fSaxSWNY6sziXBE8aEa2twtGkXUrwzGeZCMpQ==}

  sonic-boom@2.8.0:
    resolution: {integrity: sha512-kuonw1YOYYNOve5iHdSahXPOK49GqwA+LZhI6Wz/l0rP57iKyXXIHaRagOBHAPmGwJC6od2Z9zgvZ5loSgMlVg==}

  split2@4.2.0:
    resolution: {integrity: sha512-UcjcJOWknrNkF6PLX83qcHM6KHgVKNkV62Y8a5uYDVv9ydGQVwAHMKqHdJje1VTWpljG0WYpCDhrCdAOYH4TWg==}
    engines: {node: '>= 10.x'}

  stream-shift@1.0.3:
    resolution: {integrity: sha512-76ORR0DO1o1hlKwTbi/DM3EXWGf3ZJYO8cXX5RJwnul2DEg2oyoZyjLNoQM8WsvZiFKCRfC1O0J7iCvie3RZmQ==}

  string_decoder@1.3.0:
    resolution: {integrity: sha512-hkRX8U1WjJFd8LsDJ2yQ/wWWxaopEsABU1XfkM8A+j0+85JAGppt16cr1Whg6KIbb4okU6Mql6BOj+uup/wKeA==}

  thread-stream@0.15.2:
    resolution: {integrity: sha512-UkEhKIg2pD+fjkHQKyJO3yoIvAP3N6RlNFt2dUhcS1FGvCD1cQa1M/PGknCLFIyZdtJOWQjejp7bdNqmN7zwdA==}

  tr46@0.0.3:
    resolution: {integrity: sha512-N3WMsuqV66lT30CrXNbEjx4GEwlow3v6rr4mCcv6prnfwhS01rkgyFdjPNBYd9br7LpXV1+Emh01fHnq2Gdgrw==}

  tslib@1.14.1:
    resolution: {integrity: sha512-Xni35NKzjgMrwevysHTCArtLDpPvye8zV/0E4EyYn43P7/7qvQwPh9BGkHewbMulVntbigmcT7rdX3BNo9wRJg==}

  tslib@2.7.0:
    resolution: {integrity: sha512-gLXCKdN1/j47AiHiOkJN69hJmcbGTHI0ImLmbYLHykhgeN0jVGola9yVjFgzCUklsZQMW55o+dW7IXv3RCXDzA==}

  typescript@5.9.2:
    resolution: {integrity: sha512-CWBzXQrc/qOkhidw1OzBTQuYRbfyxDXJMVJ1XNwUHGROVmuaeiEm3OslpZ1RV96d7SKKjZKrSJu3+t/xlw3R9A==}
    engines: {node: '>=14.17'}
    hasBin: true

  ufo@1.6.1:
    resolution: {integrity: sha512-9a4/uxlTWJ4+a5i0ooc1rU7C7YOw3wT+UGqdeNNHWnOF9qcMBgLRS+4IYUqbczewFx4mLEig6gawh7X6mFlEkA==}

  uint8arrays@3.1.1:
    resolution: {integrity: sha512-+QJa8QRnbdXVpHYjLoTpJIdCTiw9Ir62nocClWuXIq2JIh4Uta0cQsTSpFL678p2CN8B+XSApwcU+pQEqVpKWg==}

  uncrypto@0.1.3:
    resolution: {integrity: sha512-Ql87qFHB3s/De2ClA9e0gsnS6zXG27SkTiSJwjCc9MebbfapQfuPzumMIUMi38ezPZVNFcHI9sUIepeQfw8J8Q==}

  undici-types@6.19.8:
    resolution: {integrity: sha512-ve2KP6f/JnbPBFyobGHuerC9g1FYGn/F8n1LWTwNxCEzd6IfqTwUQcNXgEtmmQ6DlRrC1hrSrBnCZPokRrDHjw==}

  undici-types@6.21.0:
    resolution: {integrity: sha512-iwDZqg0QAGrg9Rav5H4n0M64c3mkR59cJ6wQp+7C4nI0gsmExaedaYLNO44eT4AtBBwjbTiGPMlt2Md0T9H9JQ==}

  unstorage@1.17.1:
    resolution: {integrity: sha512-KKGwRTT0iVBCErKemkJCLs7JdxNVfqTPc/85ae1XES0+bsHbc/sFBfVi5kJp156cc51BHinIH2l3k0EZ24vOBQ==}
    peerDependencies:
      '@azure/app-configuration': ^1.8.0
      '@azure/cosmos': ^4.2.0
      '@azure/data-tables': ^13.3.0
      '@azure/identity': ^4.6.0
      '@azure/keyvault-secrets': ^4.9.0
      '@azure/storage-blob': ^12.26.0
      '@capacitor/preferences': ^6.0.3 || ^7.0.0
      '@deno/kv': '>=0.9.0'
      '@netlify/blobs': ^6.5.0 || ^7.0.0 || ^8.1.0 || ^9.0.0 || ^10.0.0
      '@planetscale/database': ^1.19.0
      '@upstash/redis': ^1.34.3
      '@vercel/blob': '>=0.27.1'
      '@vercel/functions': ^2.2.12 || ^3.0.0
      '@vercel/kv': ^1.0.1
      aws4fetch: ^1.0.20
      db0: '>=0.2.1'
      idb-keyval: ^6.2.1
      ioredis: ^5.4.2
      uploadthing: ^7.4.4
    peerDependenciesMeta:
      '@azure/app-configuration':
        optional: true
      '@azure/cosmos':
        optional: true
      '@azure/data-tables':
        optional: true
      '@azure/identity':
        optional: true
      '@azure/keyvault-secrets':
        optional: true
      '@azure/storage-blob':
        optional: true
      '@capacitor/preferences':
        optional: true
      '@deno/kv':
        optional: true
      '@netlify/blobs':
        optional: true
      '@planetscale/database':
        optional: true
      '@upstash/redis':
        optional: true
      '@vercel/blob':
        optional: true
      '@vercel/functions':
        optional: true
      '@vercel/kv':
        optional: true
      aws4fetch:
        optional: true
      db0:
        optional: true
      idb-keyval:
        optional: true
      ioredis:
        optional: true
      uploadthing:
        optional: true

  util-deprecate@1.0.2:
    resolution: {integrity: sha512-EPD5q1uXyFxJpCrLnCc1nHnq3gOa6DZBocAIiI2TaSCA7VCJ1UJDMagCzIkXNsUYfD1daK//LTEQ8xiIbrHtcw==}

  uuid@11.1.0:
    resolution: {integrity: sha512-0/A9rDy9P7cJ+8w1c9WD9V//9Wj15Ce2MPz8Ri6032usz+NfePxx5AcN3bN+r6ZL6jEo066/yNYB3tn4pQEx+A==}
    hasBin: true

  viem@2.36.0:
    resolution: {integrity: sha512-Xz7AkGtR43K+NY74X2lBevwfRrsXuifGUzt8QiULO47NXIcT7g3jcA4nIvl5m2OTE5v8SlzishwXmg64xOIVmQ==}
    peerDependencies:
      typescript: '>=5.0.4'
    peerDependenciesMeta:
      typescript:
        optional: true

  viem@2.37.6:
    resolution: {integrity: sha512-b+1IozQ8TciVQNdQUkOH5xtFR0z7ZxR8pyloENi/a+RA408lv4LoX12ofwoiT3ip0VRhO5ni1em//X0jn/eW0g==}
    peerDependencies:
      typescript: '>=5.0.4'
    peerDependenciesMeta:
      typescript:
        optional: true

  webidl-conversions@3.0.1:
    resolution: {integrity: sha512-2JAn3z8AR6rjK8Sm8orRC0h/bcl/DqL7tRPdGZ4I1CjdF+EaMLmYxBHyXuKL849eucPFhvBoxMsflfOb8kxaeQ==}

  whatwg-url@5.0.0:
    resolution: {integrity: sha512-saE57nupxk6v3HY35+jzBwYa0rKSy0XR8JSxZPwgLr7ys0IBzhGviA1/TUGJLmSVqs8pb9AnvICXEuOHLprYTw==}

  wrappy@1.0.2:
    resolution: {integrity: sha512-l4Sp/DRseor9wL6EvV2+TuQn63dMkPjZ/sp9XkghTEbV9KlPS1xUsZ3u7/IQO4wxtcFB4bgpQPRcR3QCvezPcQ==}

  ws@7.5.10:
    resolution: {integrity: sha512-+dbF1tHwZpXcbOJdVOkzLDxZP1ailvSxM6ZweXTegylPny803bFhA+vqBYw4s31NSAk4S2Qz+AKXK9a4wkdjcQ==}
    engines: {node: '>=8.3.0'}
    peerDependencies:
      bufferutil: ^4.0.1
      utf-8-validate: ^5.0.2
    peerDependenciesMeta:
      bufferutil:
        optional: true
      utf-8-validate:
        optional: true

  ws@8.17.1:
    resolution: {integrity: sha512-6XQFvXTkbfUOZOKKILFG1PDK2NDQs4azKQl26T0YS5CxqWLgXajbPZ+h4gZekJyRqFU8pvnbAbbs/3TgRPy+GQ==}
    engines: {node: '>=10.0.0'}
    peerDependencies:
      bufferutil: ^4.0.1
      utf-8-validate: '>=5.0.2'
    peerDependenciesMeta:
      bufferutil:
        optional: true
      utf-8-validate:
        optional: true

  ws@8.18.3:
    resolution: {integrity: sha512-PEIGCY5tSlUt50cqyMXfCzX+oOPqN0vuGqWzbcJ2xvnkzkq46oOpz7dQaTDBdfICb4N14+GARUDw2XV2N4tvzg==}
    engines: {node: '>=10.0.0'}
    peerDependencies:
      bufferutil: ^4.0.1
      utf-8-validate: '>=5.0.2'
    peerDependenciesMeta:
      bufferutil:
        optional: true
      utf-8-validate:
        optional: true

snapshots:

  '@adraffy/ens-normalize@1.10.1': {}

  '@adraffy/ens-normalize@1.11.0': {}

  '@msgpack/msgpack@3.1.2': {}

  '@noble/ciphers@1.3.0': {}

  '@noble/curves@1.2.0':
    dependencies:
      '@noble/hashes': 1.3.2

  '@noble/curves@1.8.0':
    dependencies:
      '@noble/hashes': 1.7.0

  '@noble/curves@1.9.0':
    dependencies:
      '@noble/hashes': 1.8.0

  '@noble/curves@1.9.1':
    dependencies:
      '@noble/hashes': 1.8.0

  '@noble/curves@1.9.6':
    dependencies:
      '@noble/hashes': 1.8.0

  '@noble/curves@1.9.7':
    dependencies:
      '@noble/hashes': 1.8.0

  '@noble/hashes@1.3.2': {}

  '@noble/hashes@1.7.0': {}

  '@noble/hashes@1.8.0': {}

  '@scure/base@1.2.6': {}

  '@scure/bip32@1.7.0':
    dependencies:
      '@noble/curves': 1.9.7
      '@noble/hashes': 1.8.0
      '@scure/base': 1.2.6

  '@scure/bip39@1.6.0':
    dependencies:
      '@noble/hashes': 1.8.0
      '@scure/base': 1.2.6

  '@turnkey/api-key-stamper@0.4.7':
    dependencies:
      '@noble/curves': 1.9.7
      '@turnkey/encoding': 0.5.0
      sha256-uint8array: 0.10.7

  '@turnkey/api-key-stamper@0.5.0':
    dependencies:
      '@noble/curves': 1.9.7
      '@turnkey/encoding': 0.6.0
      sha256-uint8array: 0.10.7

  '@turnkey/core@1.1.2(typescript@5.9.2)':
    dependencies:
      '@turnkey/api-key-stamper': 0.5.0
      '@turnkey/crypto': 2.7.0
      '@turnkey/encoding': 0.6.0
      '@turnkey/http': 3.12.1
      '@turnkey/sdk-types': 0.4.1
      '@turnkey/webauthn-stamper': 0.6.0
      '@wallet-standard/app': 1.1.0
      '@wallet-standard/base': 1.1.0
      '@walletconnect/sign-client': 2.21.9(typescript@5.9.2)
      '@walletconnect/types': 2.21.9
      cross-fetch: 3.2.0
      ethers: 6.15.0
      jwt-decode: 4.0.0
      uuid: 11.1.0
      viem: 2.37.6(typescript@5.9.2)
    transitivePeerDependencies:
      - '@azure/app-configuration'
      - '@azure/cosmos'
      - '@azure/data-tables'
      - '@azure/identity'
      - '@azure/keyvault-secrets'
      - '@azure/storage-blob'
      - '@capacitor/preferences'
      - '@deno/kv'
      - '@netlify/blobs'
      - '@planetscale/database'
      - '@upstash/redis'
      - '@vercel/blob'
      - '@vercel/functions'
      - '@vercel/kv'
      - aws4fetch
      - bufferutil
      - db0
      - encoding
      - ioredis
      - typescript
      - uploadthing
      - utf-8-validate
      - zod

  '@turnkey/crypto@2.7.0':
    dependencies:
      '@noble/ciphers': 1.3.0
      '@noble/curves': 1.9.0
      '@noble/hashes': 1.8.0
      '@turnkey/encoding': 0.6.0
      borsh: 2.0.0

  '@turnkey/encoding@0.5.0': {}

  '@turnkey/encoding@0.6.0':
    dependencies:
      bs58: 6.0.0
      bs58check: 4.0.0

  '@turnkey/http@3.12.1':
    dependencies:
      '@turnkey/api-key-stamper': 0.5.0
      '@turnkey/encoding': 0.6.0
      '@turnkey/webauthn-stamper': 0.6.0
      cross-fetch: 3.2.0
    transitivePeerDependencies:
      - encoding

  '@turnkey/iframe-stamper@2.5.0': {}

  '@turnkey/indexed-db-stamper@1.1.1':
    dependencies:
      '@turnkey/api-key-stamper': 0.4.7
      '@turnkey/encoding': 0.5.0

  '@turnkey/sdk-types@0.4.1': {}

  '@turnkey/webauthn-stamper@0.6.0':
    dependencies:
      sha256-uint8array: 0.10.7

  '@types/node@20.19.11':
    dependencies:
      undici-types: 6.21.0

  '@types/node@22.7.5':
    dependencies:
      undici-types: 6.19.8

  '@wallet-standard/app@1.1.0':
    dependencies:
      '@wallet-standard/base': 1.1.0

  '@wallet-standard/base@1.1.0': {}

  '@walletconnect/core@2.21.9(typescript@5.9.2)':
    dependencies:
      '@walletconnect/heartbeat': 1.2.2
      '@walletconnect/jsonrpc-provider': 1.0.14
      '@walletconnect/jsonrpc-types': 1.0.4
      '@walletconnect/jsonrpc-utils': 1.0.8
      '@walletconnect/jsonrpc-ws-connection': 1.0.16
      '@walletconnect/keyvaluestorage': 1.1.1
      '@walletconnect/logger': 2.1.2
      '@walletconnect/relay-api': 1.0.11
      '@walletconnect/relay-auth': 1.1.0
      '@walletconnect/safe-json': 1.0.2
      '@walletconnect/time': 1.0.2
      '@walletconnect/types': 2.21.9
      '@walletconnect/utils': 2.21.9(typescript@5.9.2)
      '@walletconnect/window-getters': 1.0.1
      es-toolkit: 1.39.3
      events: 3.3.0
      uint8arrays: 3.1.1
    transitivePeerDependencies:
      - '@azure/app-configuration'
      - '@azure/cosmos'
      - '@azure/data-tables'
      - '@azure/identity'
      - '@azure/keyvault-secrets'
      - '@azure/storage-blob'
      - '@capacitor/preferences'
      - '@deno/kv'
      - '@netlify/blobs'
      - '@planetscale/database'
      - '@react-native-async-storage/async-storage'
      - '@upstash/redis'
      - '@vercel/blob'
      - '@vercel/functions'
      - '@vercel/kv'
      - aws4fetch
      - bufferutil
      - db0
      - ioredis
      - typescript
      - uploadthing
      - utf-8-validate
      - zod

  '@walletconnect/environment@1.0.1':
    dependencies:
      tslib: 1.14.1

  '@walletconnect/events@1.0.1':
    dependencies:
      keyvaluestorage-interface: 1.0.0
      tslib: 1.14.1

  '@walletconnect/heartbeat@1.2.2':
    dependencies:
      '@walletconnect/events': 1.0.1
      '@walletconnect/time': 1.0.2
      events: 3.3.0

  '@walletconnect/jsonrpc-provider@1.0.14':
    dependencies:
      '@walletconnect/jsonrpc-utils': 1.0.8
      '@walletconnect/safe-json': 1.0.2
      events: 3.3.0

  '@walletconnect/jsonrpc-types@1.0.4':
    dependencies:
      events: 3.3.0
      keyvaluestorage-interface: 1.0.0

  '@walletconnect/jsonrpc-utils@1.0.8':
    dependencies:
      '@walletconnect/environment': 1.0.1
      '@walletconnect/jsonrpc-types': 1.0.4
      tslib: 1.14.1

  '@walletconnect/jsonrpc-ws-connection@1.0.16':
    dependencies:
      '@walletconnect/jsonrpc-utils': 1.0.8
      '@walletconnect/safe-json': 1.0.2
      events: 3.3.0
      ws: 7.5.10
    transitivePeerDependencies:
      - bufferutil
      - utf-8-validate

  '@walletconnect/keyvaluestorage@1.1.1':
    dependencies:
      '@walletconnect/safe-json': 1.0.2
      idb-keyval: 6.2.2
      unstorage: 1.17.1(idb-keyval@6.2.2)
    transitivePeerDependencies:
      - '@azure/app-configuration'
      - '@azure/cosmos'
      - '@azure/data-tables'
      - '@azure/identity'
      - '@azure/keyvault-secrets'
      - '@azure/storage-blob'
      - '@capacitor/preferences'
      - '@deno/kv'
      - '@netlify/blobs'
      - '@planetscale/database'
      - '@upstash/redis'
      - '@vercel/blob'
      - '@vercel/functions'
      - '@vercel/kv'
      - aws4fetch
      - db0
      - ioredis
      - uploadthing

  '@walletconnect/logger@2.1.2':
    dependencies:
      '@walletconnect/safe-json': 1.0.2
      pino: 7.11.0

  '@walletconnect/relay-api@1.0.11':
    dependencies:
      '@walletconnect/jsonrpc-types': 1.0.4

  '@walletconnect/relay-auth@1.1.0':
    dependencies:
      '@noble/curves': 1.8.0
      '@noble/hashes': 1.7.0
      '@walletconnect/safe-json': 1.0.2
      '@walletconnect/time': 1.0.2
      uint8arrays: 3.1.1

  '@walletconnect/safe-json@1.0.2':
    dependencies:
      tslib: 1.14.1

  '@walletconnect/sign-client@2.21.9(typescript@5.9.2)':
    dependencies:
      '@walletconnect/core': 2.21.9(typescript@5.9.2)
      '@walletconnect/events': 1.0.1
      '@walletconnect/heartbeat': 1.2.2
      '@walletconnect/jsonrpc-utils': 1.0.8
      '@walletconnect/logger': 2.1.2
      '@walletconnect/time': 1.0.2
      '@walletconnect/types': 2.21.9
      '@walletconnect/utils': 2.21.9(typescript@5.9.2)
      events: 3.3.0
    transitivePeerDependencies:
      - '@azure/app-configuration'
      - '@azure/cosmos'
      - '@azure/data-tables'
      - '@azure/identity'
      - '@azure/keyvault-secrets'
      - '@azure/storage-blob'
      - '@capacitor/preferences'
      - '@deno/kv'
      - '@netlify/blobs'
      - '@planetscale/database'
      - '@react-native-async-storage/async-storage'
      - '@upstash/redis'
      - '@vercel/blob'
      - '@vercel/functions'
      - '@vercel/kv'
      - aws4fetch
      - bufferutil
      - db0
      - ioredis
      - typescript
      - uploadthing
      - utf-8-validate
      - zod

  '@walletconnect/time@1.0.2':
    dependencies:
      tslib: 1.14.1

  '@walletconnect/types@2.21.9':
    dependencies:
      '@walletconnect/events': 1.0.1
      '@walletconnect/heartbeat': 1.2.2
      '@walletconnect/jsonrpc-types': 1.0.4
      '@walletconnect/keyvaluestorage': 1.1.1
      '@walletconnect/logger': 2.1.2
      events: 3.3.0
    transitivePeerDependencies:
      - '@azure/app-configuration'
      - '@azure/cosmos'
      - '@azure/data-tables'
      - '@azure/identity'
      - '@azure/keyvault-secrets'
      - '@azure/storage-blob'
      - '@capacitor/preferences'
      - '@deno/kv'
      - '@netlify/blobs'
      - '@planetscale/database'
      - '@react-native-async-storage/async-storage'
      - '@upstash/redis'
      - '@vercel/blob'
      - '@vercel/functions'
      - '@vercel/kv'
      - aws4fetch
      - db0
      - ioredis
      - uploadthing

  '@walletconnect/utils@2.21.9(typescript@5.9.2)':
    dependencies:
      '@msgpack/msgpack': 3.1.2
      '@noble/ciphers': 1.3.0
      '@noble/curves': 1.9.7
      '@noble/hashes': 1.8.0
      '@scure/base': 1.2.6
      '@walletconnect/jsonrpc-utils': 1.0.8
      '@walletconnect/keyvaluestorage': 1.1.1
      '@walletconnect/relay-api': 1.0.11
      '@walletconnect/relay-auth': 1.1.0
      '@walletconnect/safe-json': 1.0.2
      '@walletconnect/time': 1.0.2
      '@walletconnect/types': 2.21.9
      '@walletconnect/window-getters': 1.0.1
      '@walletconnect/window-metadata': 1.0.1
      blakejs: 1.2.1
      bs58: 6.0.0
      detect-browser: 5.3.0
      uint8arrays: 3.1.1
      viem: 2.36.0(typescript@5.9.2)
    transitivePeerDependencies:
      - '@azure/app-configuration'
      - '@azure/cosmos'
      - '@azure/data-tables'
      - '@azure/identity'
      - '@azure/keyvault-secrets'
      - '@azure/storage-blob'
      - '@capacitor/preferences'
      - '@deno/kv'
      - '@netlify/blobs'
      - '@planetscale/database'
      - '@react-native-async-storage/async-storage'
      - '@upstash/redis'
      - '@vercel/blob'
      - '@vercel/functions'
      - '@vercel/kv'
      - aws4fetch
      - bufferutil
      - db0
      - ioredis
      - typescript
      - uploadthing
      - utf-8-validate
      - zod

  '@walletconnect/window-getters@1.0.1':
    dependencies:
      tslib: 1.14.1

  '@walletconnect/window-metadata@1.0.1':
    dependencies:
      '@walletconnect/window-getters': 1.0.1
      tslib: 1.14.1

  abitype@1.0.8(typescript@5.9.2):
    optionalDependencies:
      typescript: 5.9.2

  abitype@1.1.0(typescript@5.9.2):
    optionalDependencies:
      typescript: 5.9.2

  aes-js@4.0.0-beta.5: {}

  anymatch@3.1.3:
    dependencies:
      normalize-path: 3.0.0
      picomatch: 2.3.1

  atomic-sleep@1.0.0: {}

  base-x@5.0.1: {}

  blakejs@1.2.1: {}

  borsh@2.0.0: {}

  bs58@6.0.0:
    dependencies:
      base-x: 5.0.1

  bs58check@4.0.0:
    dependencies:
      '@noble/hashes': 1.8.0
      bs58: 6.0.0

  chokidar@4.0.3:
    dependencies:
      readdirp: 4.1.2

  cookie-es@1.2.2: {}

  cross-fetch@3.2.0:
    dependencies:
      node-fetch: 2.7.0
    transitivePeerDependencies:
      - encoding

  crossws@0.3.5:
    dependencies:
      uncrypto: 0.1.3

  defu@6.1.4: {}

  destr@2.0.5: {}

  detect-browser@5.3.0: {}

  duplexify@4.1.3:
    dependencies:
      end-of-stream: 1.4.5
      inherits: 2.0.4
      readable-stream: 3.6.2
      stream-shift: 1.0.3

  end-of-stream@1.4.5:
    dependencies:
      once: 1.4.0

  es-toolkit@1.39.3: {}

  ethers@6.15.0:
    dependencies:
      '@adraffy/ens-normalize': 1.10.1
      '@noble/curves': 1.2.0
      '@noble/hashes': 1.3.2
      '@types/node': 22.7.5
      aes-js: 4.0.0-beta.5
      tslib: 2.7.0
      ws: 8.17.1
    transitivePeerDependencies:
      - bufferutil
      - utf-8-validate

  eventemitter3@5.0.1: {}

  events@3.3.0: {}

  fast-redact@3.5.0: {}

  h3@1.15.4:
    dependencies:
      cookie-es: 1.2.2
      crossws: 0.3.5
      defu: 6.1.4
      destr: 2.0.5
      iron-webcrypto: 1.2.1
      node-mock-http: 1.0.3
      radix3: 1.1.2
      ufo: 1.6.1
      uncrypto: 0.1.3

  idb-keyval@6.2.2: {}

  inherits@2.0.4: {}

  iron-webcrypto@1.2.1: {}

  isows@1.0.7(ws@8.18.3):
    dependencies:
      ws: 8.18.3

  jwt-decode@4.0.0: {}

  keyvaluestorage-interface@1.0.0: {}

  lru-cache@10.4.3: {}

  multiformats@9.9.0: {}

  node-fetch-native@1.6.7: {}

  node-fetch@2.7.0:
    dependencies:
      whatwg-url: 5.0.0

  node-mock-http@1.0.3: {}

  normalize-path@3.0.0: {}

  ofetch@1.4.1:
    dependencies:
      destr: 2.0.5
      node-fetch-native: 1.6.7
      ufo: 1.6.1

  on-exit-leak-free@0.2.0: {}

  once@1.4.0:
    dependencies:
      wrappy: 1.0.2

  ox@0.9.1(typescript@5.9.2):
    dependencies:
      '@adraffy/ens-normalize': 1.11.0
      '@noble/ciphers': 1.3.0
      '@noble/curves': 1.9.7
      '@noble/hashes': 1.8.0
      '@scure/bip32': 1.7.0
      '@scure/bip39': 1.6.0
      abitype: 1.1.0(typescript@5.9.2)
      eventemitter3: 5.0.1
    optionalDependencies:
      typescript: 5.9.2
    transitivePeerDependencies:
      - zod

  ox@0.9.3(typescript@5.9.2):
    dependencies:
      '@adraffy/ens-normalize': 1.11.0
      '@noble/ciphers': 1.3.0
      '@noble/curves': 1.9.1
      '@noble/hashes': 1.8.0
      '@scure/bip32': 1.7.0
      '@scure/bip39': 1.6.0
      abitype: 1.1.0(typescript@5.9.2)
      eventemitter3: 5.0.1
    optionalDependencies:
      typescript: 5.9.2
    transitivePeerDependencies:
      - zod

  picomatch@2.3.1: {}

  pino-abstract-transport@0.5.0:
    dependencies:
      duplexify: 4.1.3
      split2: 4.2.0

  pino-std-serializers@4.0.0: {}

  pino@7.11.0:
    dependencies:
      atomic-sleep: 1.0.0
      fast-redact: 3.5.0
      on-exit-leak-free: 0.2.0
      pino-abstract-transport: 0.5.0
      pino-std-serializers: 4.0.0
      process-warning: 1.0.0
      quick-format-unescaped: 4.0.4
      real-require: 0.1.0
      safe-stable-stringify: 2.5.0
      sonic-boom: 2.8.0
      thread-stream: 0.15.2

  process-warning@1.0.0: {}

  quick-format-unescaped@4.0.4: {}

  radix3@1.1.2: {}

  readable-stream@3.6.2:
    dependencies:
      inherits: 2.0.4
      string_decoder: 1.3.0
      util-deprecate: 1.0.2

  readdirp@4.1.2: {}

  real-require@0.1.0: {}

  safe-buffer@5.2.1: {}

  safe-stable-stringify@2.5.0: {}

  sha256-uint8array@0.10.7: {}

  sonic-boom@2.8.0:
    dependencies:
      atomic-sleep: 1.0.0

  split2@4.2.0: {}

  stream-shift@1.0.3: {}

  string_decoder@1.3.0:
    dependencies:
      safe-buffer: 5.2.1

  thread-stream@0.15.2:
    dependencies:
      real-require: 0.1.0

  tr46@0.0.3: {}

  tslib@1.14.1: {}

  tslib@2.7.0: {}

  typescript@5.9.2: {}

  ufo@1.6.1: {}

  uint8arrays@3.1.1:
    dependencies:
      multiformats: 9.9.0

  uncrypto@0.1.3: {}

  undici-types@6.19.8: {}

  undici-types@6.21.0: {}

  unstorage@1.17.1(idb-keyval@6.2.2):
    dependencies:
      anymatch: 3.1.3
      chokidar: 4.0.3
      destr: 2.0.5
      h3: 1.15.4
      lru-cache: 10.4.3
      node-fetch-native: 1.6.7
      ofetch: 1.4.1
      ufo: 1.6.1
    optionalDependencies:
      idb-keyval: 6.2.2

  util-deprecate@1.0.2: {}

  uuid@11.1.0: {}

  viem@2.36.0(typescript@5.9.2):
    dependencies:
      '@noble/curves': 1.9.6
      '@noble/hashes': 1.8.0
      '@scure/bip32': 1.7.0
      '@scure/bip39': 1.6.0
      abitype: 1.0.8(typescript@5.9.2)
      isows: 1.0.7(ws@8.18.3)
      ox: 0.9.1(typescript@5.9.2)
      ws: 8.18.3
    optionalDependencies:
      typescript: 5.9.2
    transitivePeerDependencies:
      - bufferutil
      - utf-8-validate
      - zod

  viem@2.37.6(typescript@5.9.2):
    dependencies:
      '@noble/curves': 1.9.1
      '@noble/hashes': 1.8.0
      '@scure/bip32': 1.7.0
      '@scure/bip39': 1.6.0
      abitype: 1.1.0(typescript@5.9.2)
      isows: 1.0.7(ws@8.18.3)
      ox: 0.9.3(typescript@5.9.2)
      ws: 8.18.3
    optionalDependencies:
      typescript: 5.9.2
    transitivePeerDependencies:
      - bufferutil
      - utf-8-validate
      - zod

  webidl-conversions@3.0.1: {}

  whatwg-url@5.0.0:
    dependencies:
      tr46: 0.0.3
      webidl-conversions: 3.0.1

  wrappy@1.0.2: {}

  ws@7.5.10: {}

  ws@8.17.1: {}

  ws@8.18.3: {}
